version: v2
locks:
  f/shared/available_scriptsdfsdf: cc8dbe8e3f5f101f9da77741eca9df0b927da9d9c31253f1986b53a03113d7de
  f/shared/fefwefwefwefwef: 322067c793e20596dda349cd334b477a137ab77b025198ed8d5274d48e938087
  f/shared/heartening_scriptsfsdfsdfsdfsjekrwgjweijgogjqwergjiowergjiojiowjeiorgjiowegiowergjiowerjgiowejrgiowerjgiowerjgiowerjgiowerjgiowerjgiowerjgioweg: d6ed2d1bd096a1aca327a99c0bec748ce135ef253e38dac5b0e0466fea3128ea
