version: v2
locks:
  f/shared/dextrous_script: 6b937e1cdbef32db9a394ee26bcfb5926405af2aa23871eba4a4d92e3c0cdfb0
  f/shared/fefwefwefwefwef: 322067c793e20596dda349cd334b477a137ab77b025198ed8d5274d48e938087
  f/shared/salutary_script: a6d9771bd823730b628bdeaf91e5fb00901af3a7bf38c5e8fe91b13600180bbc
  f/shared/softer_script_asda-sd-sa-das-d-asdsad-as-das-das-d-asd-as-das-d-asd-as-da-sd-as-das-d-asdas: 454a2e5c6baa78b25bfe50d0a72e7da06a07d6a9aacf5156fee05478438a1b21
